
Microsoft Visual Studio Solution File, Format Version 12.00
# Visual Studio 15
VisualStudioVersion = 15.0.26730.12
MinimumVisualStudioVersion = 10.0.40219.1
Project("{FAE04EC0-301F-11D3-BF4B-00C04F79EFBC}") = "WinFormsMedCenter", "WinFormsMedCenter\WinFormsMedCenter.csproj", "{C80590FB-44D1-420A-B93A-627FA1F6C488}"
EndProject
Project("{FAE04EC0-301F-11D3-BF4B-00C04F79EFBC}") = "MedCenterData", "MedCenterData\MedCenterData.csproj", "{EFA75F41-818C-4E1E-B9EC-E67A0D944083}"
EndProject
Global
	GlobalSection(SolutionConfigurationPlatforms) = preSolution
		Debug|Any CPU = Debug|Any CPU
		Release|Any CPU = Release|Any CPU
	EndGlobalSection
	GlobalSection(ProjectConfigurationPlatforms) = postSolution
		{C80590FB-44D1-420A-B93A-627FA1F6C488}.Debug|Any CPU.ActiveCfg = Debug|Any CPU
		{C80590FB-44D1-420A-B93A-627FA1F6C488}.Debug|Any CPU.Build.0 = Debug|Any CPU
		{C80590FB-44D1-420A-B93A-627FA1F6C488}.Release|Any CPU.ActiveCfg = Release|Any CPU
		{C80590FB-44D1-420A-B93A-627FA1F6C488}.Release|Any CPU.Build.0 = Release|Any CPU
		{EFA75F41-818C-4E1E-B9EC-E67A0D944083}.Debug|Any CPU.ActiveCfg = Debug|Any CPU
		{EFA75F41-818C-4E1E-B9EC-E67A0D944083}.Debug|Any CPU.Build.0 = Debug|Any CPU
		{EFA75F41-818C-4E1E-B9EC-E67A0D944083}.Release|Any CPU.ActiveCfg = Release|Any CPU
		{EFA75F41-818C-4E1E-B9EC-E67A0D944083}.Release|Any CPU.Build.0 = Release|Any CPU
	EndGlobalSection
	GlobalSection(SolutionProperties) = preSolution
		HideSolutionNode = FALSE
	EndGlobalSection
	GlobalSection(ExtensibilityGlobals) = postSolution
		SolutionGuid = {479DC171-2F13-469A-B268-B194E0DE10FD}
	EndGlobalSection
EndGlobal
